
Microsoft Visual Studio Solution File, Format Version 12.00
# Visual Studio Version 17
VisualStudioVersion = 17.11.35222.181
MinimumVisualStudioVersion = 10.0.40219.1
Project("{FAE04EC0-301F-11D3-BF4B-00C04F79EFBC}") = "CqrsWithEntityFramework", "CqrsWithEntityFramework\CqrsWithEntityFramework.csproj", "{4F314B2F-02F5-4EBE-87AB-5996161B0C7A}"
EndProject
Global
	GlobalSection(SolutionConfigurationPlatforms) = preSolution
		Debug|Any CPU = Debug|Any CPU
		Release|Any CPU = Release|Any CPU
	EndGlobalSection
	GlobalSection(ProjectConfigurationPlatforms) = postSolution
		{4F314B2F-02F5-4EBE-87AB-5996161B0C7A}.Debug|Any CPU.ActiveCfg = Debug|Any CPU
		{4F314B2F-02F5-4EBE-87AB-5996161B0C7A}.Debug|Any CPU.Build.0 = Debug|Any CPU
		{4F314B2F-02F5-4EBE-87AB-5996161B0C7A}.Release|Any CPU.ActiveCfg = Release|Any CPU
		{4F314B2F-02F5-4EBE-87AB-5996161B0C7A}.Release|Any CPU.Build.0 = Release|Any CPU
	EndGlobalSection
	GlobalSection(SolutionProperties) = preSolution
		HideSolutionNode = FALSE
	EndGlobalSection
	GlobalSection(ExtensibilityGlobals) = postSolution
		SolutionGuid = {8F66EF77-AE5E-44A7-AB7E-8420F76B7E00}
	EndGlobalSection
EndGlobal
